{
  "name": "@daily-content-brain/frontend",
  "version": "0.1.0",
  "lockfileVersion": 3,
  "requires": true,
  "packages": {
    "": {
      "name": "@daily-content-brain/frontend",
      "version": "0.1.0",
      "hasInstallScript": true,
      "dependencies": {
        "@pinia/nuxt": "^0.9.0",
        "html-to-image": "^1.11.13",
        "lucide-vue-next": "^0.511.0",
        "marked": "^18.0.0",
        "pinia": "^2.3.0",
        "vue": "^3.5.0",
        "vue-router": "^4.5.0"
      },
      "devDependencies": {
        "@nuxt/devtools": "^2.4.0",
        "@nuxtjs/tailwindcss": "^6.14.0",
        "@tailwindcss/container-queries": "^0.1.1",
        "nuxt": "^3.17.0",
        "simple-analytics-vue": "^3.1.0",
        "tailwindcss": "^3.4.19",
        "typescript": "^5.8.0"
      }
    },
    "../../node_modules/.pnpm/@nuxt+devtools@2.7.0_vite@7.3.1_@types+node@22.19.17_jiti@1.21.7_terser@5.46.1_tsx@4.21_8671020bcd0ed17a6d98f705f3905ce5/node_modules/@nuxt/devtools": {
      "version": "2.7.0",
      "dev": true,
      "license": "MIT",
      "dependencies": {
        "@nuxt/devtools-kit": "2.7.0",
        "@nuxt/devtools-wizard": "2.7.0",
        "@nuxt/kit": "^3.19.3",
        "@vue/devtools-core": "^7.7.7",
        "@vue/devtools-kit": "^7.7.7",
        "birpc": "^2.6.1",
        "consola": "^3.4.2",
        "destr": "^2.0.5",
        "error-stack-parser-es": "^1.0.5",
        "execa": "^8.0.1",
        "fast-npm-meta": "^0.4.7",
        "get-port-please": "^3.2.0",
        "hookable": "^5.5.3",
        "image-meta": "^0.2.2",
        "is-installed-globally": "^1.0.0",
        "launch-editor": "^2.11.1",
        "local-pkg": "^1.1.2",
        "magicast": "^0.3.5",
        "nypm": "^0.6.2",
        "ohash": "^2.0.11",
        "pathe": "^2.0.3",
        "perfect-debounce": "^1.0.0",
        "pkg-types": "^2.3.0",
        "semver": "^7.7.3",
        "simple-git": "^3.28.0",
        "sirv": "^3.0.2",
        "structured-clone-es": "^1.0.0",
        "tinyglobby": "^0.2.15",
        "vite-plugin-inspect": "^11.3.3",
        "vite-plugin-vue-tracer": "^1.0.1",
        "which": "^5.0.0",
        "ws": "^8.18.3"
      },
      "bin": {
        "devtools": "cli.mjs"
      },
      "devDependencies": {
        "@antfu/utils": "^9.3.0",
        "@discoveryjs/cli": "^2.14.6",
        "@discoveryjs/discovery": "1.0.0-beta.92",
        "@iconify-json/bxl": "^1.2.2",
        "@iconify-json/carbon": "^1.2.14",
        "@iconify-json/logos": "^1.2.9",
        "@iconify-json/ph": "^1.2.2",
        "@iconify-json/ri": "^1.2.6",
        "@iconify-json/simple-icons": "^1.2.55",
        "@iconify-json/tabler": "^1.2.23",
        "@nuxt/devtools": "2.7.0",
        "@nuxt/test-utils": "^3.20.1",
        "@parcel/watcher": "^2.5.1",
        "@types/markdown-it-link-attributes": "^3.0.5",
        "@unhead/schema": "^2.0.19",
        "@unocss/nuxt": "^66.5.4",
        "@unocss/preset-icons": "^66.5.4",
        "@unocss/preset-uno": "^66.5.4",
        "@unocss/runtime": "^66.5.4",
        "@vitest/ui": "^4.0.3",
        "@vue/devtools-applet": "^7.7.7",
        "@vueuse/nuxt": "^14.0.0",
        "@xterm/addon-fit": "^0.10.0",
        "@xterm/xterm": "^5.5.0",
        "cronstrue": "^2.61.0",
        "exsolve": "^1.0.7",
        "floating-vue": "^5.2.2",
        "fuse.js": "^7.1.0",
        "json-editor-vue": "^0.18.1",
        "lightningcss": "^1.30.2",
        "markdown-it": "^14.1.0",
        "markdown-it-link-attributes": "^4.0.1",
        "my-ua-parser": "^2.0.4",
        "nitropack": "^2.12.8",
        "nuxt": "^3.19.3",
        "ofetch": "^1.4.1",
        "quicktype-core": "22.0.0",
        "scule": "^1.3.0",
        "shiki": "^3.14.0",
        "shiki-codegen": "^3.14.0",
        "theme-vitesse": "^1.0.0",
        "tsx": "^4.20.6",
        "unimport": "^5.5.0",
        "unocss": "^66.5.4",
        "unplugin-vue": "^7.0.3",
        "unplugin-vue-markdown": "^29.2.0",
        "vanilla-jsoneditor": "^3.10.0",
        "vis-data": "^8.0.3",
        "vis-network": "^10.0.2",
        "vue-tsc": "^3.1.2",
        "vue-virtual-scroller": "^2.0.0-beta.8"
      },
      "peerDependencies": {
        "vite": ">=6.0"
      }
    },
    "../../node_modules/.pnpm/@nuxtjs+tailwindcss@6.14.0_magicast@0.5.2_tsx@4.21.0_yaml@2.8.3/node_modules/@nuxtjs/tailwindcss": {
      "version": "6.14.0",
      "dev": true,
      "license": "MIT",
      "dependencies": {
        "@nuxt/kit": "^3.16.0",
        "autoprefixer": "^10.4.20",
        "c12": "^3.0.2",
        "consola": "^3.4.0",
        "defu": "^6.1.4",
        "h3": "^1.15.1",
        "klona": "^2.0.6",
        "ohash": "^2.0.11",
        "pathe": "^2.0.3",
        "pkg-types": "^2.1.0",
        "postcss": "^8.5.3",
        "postcss-nesting": "^13.0.1",
        "tailwind-config-viewer": "^2.0.4",
        "tailwindcss": "~3.4.17",
        "ufo": "^1.5.4",
        "unctx": "^2.4.1"
      },
      "devDependencies": {
        "@fontsource/inter": "^5.2.5",
        "@nuxt/content": "^2.13.4",
        "@nuxt/devtools": "^2.2.1",
        "@nuxt/eslint-config": "^0.7.6",
        "@nuxt/module-builder": "^0.8.4",
        "@nuxt/test-utils": "^3.17.1",
        "@tailwindcss/typography": "^0.5.16",
        "changelogen": "^0.5.7",
        "destr": "^2.0.3",
        "eslint": "^9.21.0",
        "happy-dom": "^16.8.1",
        "nuxt": "^3.16.0",
        "typescript": "5.6.3",
        "vitest": "^3.0.8",
        "vue-tsc": "^2.2.8"
      }
    },
    "../../node_modules/.pnpm/@pinia+nuxt@0.9.0_magicast@0.5.2_pinia@2.3.1_typescript@5.9.3_vue@3.5.32_typescript@5.9.3__/node_modules/@pinia/nuxt": {
      "version": "0.9.0",
      "license": "MIT",
      "dependencies": {
        "@nuxt/kit": "^3.9.0"
      },
      "devDependencies": {
        "@nuxt/module-builder": "^0.8.4",
        "@nuxt/schema": "^3.9.0",
        "@nuxt/test-utils": "^3.14.4",
        "nuxt": "^3.14.1592",
        "pinia": "^2.3.0",
        "typescript": "^5.6.3",
        "vue-tsc": "^2.1.10"
      },
      "funding": {
        "url": "https://github.com/sponsors/posva"
      },
      "peerDependencies": {
        "pinia": "^2.3.0"
      }
    },
    "../../node_modules/.pnpm/@tailwindcss+container-queries@0.1.1_tailwindcss@3.4.19_tsx@4.21.0_yaml@2.8.3_/node_modules/@tailwindcss/container-queries": {
      "version": "0.1.1",
      "dev": true,
      "license": "MIT",
      "devDependencies": {
        "@swc/cli": "^0.1.57",
        "@swc/core": "^1.3.7",
        "@swc/jest": "^0.2.23",
        "@types/jest": "^29.1.2",
        "jest": "^29.1.2",
        "postcss": "^8.4.17",
        "prettier": "^2.7.1",
        "tailwindcss": "0.0.0-insiders.3011f46",
        "typescript": "^4.8.4"
      },
      "peerDependencies": {
        "tailwindcss": ">=3.2.0"
      }
    },
    "../../node_modules/.pnpm/lucide-vue-next@0.511.0_vue@3.5.32_typescript@5.9.3_/node_modules/lucide-vue-next": {
      "version": "0.511.0",
      "license": "ISC",
      "devDependencies": {
        "@lucide/build-icons": "1.1.0",
        "@lucide/rollup-plugins": "1.0.0",
        "@lucide/shared": "1.0.0",
        "@testing-library/jest-dom": "^6.1.6",
        "@testing-library/vue": "^8.0.3",
        "@vitejs/plugin-vue": "^4.6.2",
        "@vue/test-utils": "2.4.5",
        "rollup": "^4.22.4",
        "rollup-plugin-dts": "^6.1.0",
        "vite": "^6.3.2",
        "vitest": "^3.1.2",
        "vue": "^3.4.21"
      },
      "peerDependencies": {
        "vue": ">=3.0.1"
      }
    },
    "../../node_modules/.pnpm/marked@18.0.0/node_modules/marked": {
      "version": "18.0.0",
      "license": "MIT",
      "bin": {
        "marked": "bin/marked.js"
      },
      "devDependencies": {
        "@arethetypeswrong/cli": "^0.18.2",
        "@markedjs/eslint-config": "^1.0.14",
        "@markedjs/testutils": "17.0.1-2",
        "@semantic-release/commit-analyzer": "^13.0.1",
        "@semantic-release/git": "^10.0.1",
        "@semantic-release/github": "^12.0.6",
        "@semantic-release/npm": "^13.1.5",
        "@semantic-release/release-notes-generator": "^14.1.0",
        "cheerio": "1.2.0",
        "commonmark": "0.31.2",
        "cross-env": "^10.1.0",
        "dts-bundle-generator": "^9.5.1",
        "esbuild": "^0.28.0",
        "esbuild-plugin-umd-wrapper": "^3.0.0",
        "eslint": "^10.2.0",
        "highlight.js": "^11.11.1",
        "markdown-it": "14.1.1",
        "marked-highlight": "^2.2.3",
        "marked-man": "^2.1.0",
        "recheck": "^4.5.0",
        "rimraf": "^6.1.3",
        "semantic-release": "^25.0.3",
        "titleize": "^4.0.0",
        "tslib": "^2.8.1",
        "typescript": "6.0.2"
      },
      "engines": {
        "node": ">= 20"
      }
    },
    "../../node_modules/.pnpm/nuxt@3.21.2_@electric-sql+pglite@0.4.1_@emnapi+core@1.9.2_@emnapi+runtime@1.9.2_@parcel_44ae9d5dd321dc66380874b747c1ae58/node_modules/nuxt": {
      "version": "3.21.2",
      "dev": true,
      "license": "MIT",
      "dependencies": {
        "@dxup/nuxt": "^0.4.0",
        "@nuxt/cli": "^3.34.0",
        "@nuxt/devtools": "^3.2.3",
        "@nuxt/kit": "3.21.2",
        "@nuxt/nitro-server": "3.21.2",
        "@nuxt/schema": "3.21.2",
        "@nuxt/telemetry": "^2.7.0",
        "@nuxt/vite-builder": "3.21.2",
        "@unhead/vue": "^2.1.12",
        "@vue/shared": "^3.5.30",
        "c12": "^3.3.3",
        "chokidar": "^5.0.0",
        "compatx": "^0.2.0",
        "consola": "^3.4.2",
        "cookie-es": "^2.0.0",
        "defu": "^6.1.4",
        "destr": "^2.0.5",
        "devalue": "^5.6.3",
        "errx": "^0.1.0",
        "escape-string-regexp": "^5.0.0",
        "exsolve": "^1.0.8",
        "h3": "^1.15.6",
        "hookable": "^5.5.3",
        "ignore": "^7.0.5",
        "impound": "^1.1.5",
        "jiti": "^2.6.1",
        "klona": "^2.0.6",
        "knitwork": "^1.3.0",
        "magic-string": "^0.30.21",
        "mlly": "^1.8.1",
        "nanotar": "^0.3.0",
        "nypm": "^0.6.5",
        "ofetch": "^1.5.1",
        "ohash": "^2.0.11",
        "on-change": "^6.0.2",
        "oxc-minify": "^0.117.0",
        "oxc-parser": "^0.117.0",
        "oxc-transform": "^0.117.0",
        "oxc-walker": "^0.7.0",
        "pathe": "^2.0.3",
        "perfect-debounce": "^2.1.0",
        "pkg-types": "^2.3.0",
        "rou3": "^0.8.1",
        "scule": "^1.3.0",
        "semver": "^7.7.4",
        "std-env": "^4.0.0",
        "tinyglobby": "^0.2.15",
        "ufo": "^1.6.3",
        "ultrahtml": "^1.6.0",
        "uncrypto": "^0.1.3",
        "unctx": "^2.5.0",
        "unimport": "^6.0.1",
        "unplugin": "^3.0.0",
        "unplugin-vue-router": "^0.19.2",
        "untyped": "^2.0.0",
        "vue": "^3.5.30",
        "vue-router": "^4.6.4"
      },
      "bin": {
        "nuxi": "bin/nuxt.mjs",
        "nuxt": "bin/nuxt.mjs"
      },
      "devDependencies": {
        "@nuxt/scripts": "0.13.2",
        "@parcel/watcher": "2.5.6",
        "@types/estree": "1.0.8",
        "@vitejs/plugin-vue": "6.0.4",
        "@vitejs/plugin-vue-jsx": "5.1.4",
        "@vue/compiler-sfc": "3.5.30",
        "unbuild": "3.6.1",
        "vite": "7.3.1",
        "vitest": "4.0.18",
        "vue-bundle-renderer": "2.2.0",
        "vue-sfc-transformer": "0.1.17"
      },
      "engines": {
        "node": "^20.19.0 || >=22.12.0"
      },
      "peerDependencies": {
        "@parcel/watcher": "^2.1.0",
        "@types/node": "^18.0.0 || ^20.0.0 || >=22.0.0"
      },
      "peerDependenciesMeta": {
        "@parcel/watcher": {
          "optional": true
        },
        "@types/node": {
          "optional": true
        }
      }
    },
    "../../node_modules/.pnpm/pinia@2.3.1_typescript@5.9.3_vue@3.5.32_typescript@5.9.3_/node_modules/pinia": {
      "version": "2.3.1",
      "license": "MIT",
      "dependencies": {
        "@vue/devtools-api": "^6.6.3",
        "vue-demi": "^0.14.10"
      },
      "devDependencies": {
        "@microsoft/api-extractor": "7.48.0",
        "@vue/test-utils": "^2.4.6"
      },
      "funding": {
        "url": "https://github.com/sponsors/posva"
      },
      "peerDependencies": {
        "typescript": ">=4.4.4",
        "vue": "^2.7.0 || ^3.5.11"
      },
      "peerDependenciesMeta": {
        "typescript": {
          "optional": true
        }
      }
    },
    "../../node_modules/.pnpm/tailwindcss@3.4.19_tsx@4.21.0_yaml@2.8.3/node_modules/tailwindcss": {
      "version": "3.4.19",
      "dev": true,
      "license": "MIT",
      "dependencies": {
        "@alloc/quick-lru": "^5.2.0",
        "arg": "^5.0.2",
        "chokidar": "^3.6.0",
        "didyoumean": "^1.2.2",
        "dlv": "^1.1.3",
        "fast-glob": "^3.3.2",
        "glob-parent": "^6.0.2",
        "is-glob": "^4.0.3",
        "jiti": "^1.21.7",
        "lilconfig": "^3.1.3",
        "micromatch": "^4.0.8",
        "normalize-path": "^3.0.0",
        "object-hash": "^3.0.0",
        "picocolors": "^1.1.1",
        "postcss": "^8.4.47",
        "postcss-import": "^15.1.0",
        "postcss-js": "^4.0.1",
        "postcss-load-config": "^4.0.2 || ^5.0 || ^6.0",
        "postcss-nested": "^6.2.0",
        "postcss-selector-parser": "^6.1.2",
        "resolve": "^1.22.8",
        "sucrase": "^3.35.0"
      },
      "bin": {
        "tailwind": "lib/cli.js",
        "tailwindcss": "lib/cli.js"
      },
      "devDependencies": {
        "@swc/cli": "0.1.62",
        "@swc/core": "1.3.55",
        "@swc/jest": "0.2.26",
        "@swc/register": "0.1.10",
        "autoprefixer": "^10.4.20",
        "browserslist": "^4.24.0",
        "concurrently": "^8.2.2",
        "cssnano": "^6.1.2",
        "esbuild": "^0.24.0",
        "eslint": "^8.57.1",
        "eslint-config-prettier": "^8.10.0",
        "eslint-plugin-prettier": "^4.2.1",
        "jest": "^29.7.0",
        "jest-diff": "^29.7.0",
        "lightningcss": "1.27.0",
        "prettier": "^2.8.8",
        "rimraf": "^5.0.10",
        "source-map-js": "^1.2.1",
        "turbo": "^1.13.4"
      },
      "engines": {
        "node": ">=14.0.0"
      }
    },
    "../../node_modules/.pnpm/typescript@5.9.3/node_modules/typescript": {
      "version": "5.9.3",
      "dev": true,
      "license": "Apache-2.0",
      "bin": {
        "tsc": "bin/tsc",
        "tsserver": "bin/tsserver"
      },
      "devDependencies": {
        "@dprint/formatter": "^0.4.1",
        "@dprint/typescript": "0.93.4",
        "@esfx/canceltoken": "^1.0.0",
        "@eslint/js": "^9.20.0",
        "@octokit/rest": "^21.1.1",
        "@types/chai": "^4.3.20",
        "@types/diff": "^7.0.1",
        "@types/minimist": "^1.2.5",
        "@types/mocha": "^10.0.10",
        "@types/ms": "^0.7.34",
        "@types/node": "latest",
        "@types/source-map-support": "^0.5.10",
        "@types/which": "^3.0.4",
        "@typescript-eslint/rule-tester": "^8.24.1",
        "@typescript-eslint/type-utils": "^8.24.1",
        "@typescript-eslint/utils": "^8.24.1",
        "azure-devops-node-api": "^14.1.0",
        "c8": "^10.1.3",
        "chai": "^4.5.0",
        "chokidar": "^4.0.3",
        "diff": "^7.0.0",
        "dprint": "^0.49.0",
        "esbuild": "^0.25.0",
        "eslint": "^9.20.1",
        "eslint-formatter-autolinkable-stylish": "^1.4.0",
        "eslint-plugin-regexp": "^2.7.0",
        "fast-xml-parser": "^4.5.2",
        "glob": "^10.4.5",
        "globals": "^15.15.0",
        "hereby": "^1.10.0",
        "jsonc-parser": "^3.3.1",
        "knip": "^5.44.4",
        "minimist": "^1.2.8",
        "mocha": "^10.8.2",
        "mocha-fivemat-progress-reporter": "^0.1.0",
        "monocart-coverage-reports": "^2.12.1",
        "ms": "^2.1.3",
        "picocolors": "^1.1.1",
        "playwright": "^1.50.1",
        "source-map-support": "^0.5.21",
        "tslib": "^2.8.1",
        "typescript": "^5.7.3",
        "typescript-eslint": "^8.24.1",
        "which": "^3.0.1"
      },
      "engines": {
        "node": ">=14.17"
      }
    },
    "../../node_modules/.pnpm/vue-router@4.6.4_vue@3.5.32_typescript@5.9.3_/node_modules/vue-router": {
      "version": "4.6.4",
      "license": "MIT",
      "dependencies": {
        "@vue/devtools-api": "^6.6.4"
      },
      "devDependencies": {
        "@rollup/plugin-commonjs": "^28.0.7",
        "@rollup/plugin-node-resolve": "^16.0.3",
        "@rollup/plugin-replace": "^6.0.2",
        "@rollup/plugin-terser": "^0.4.4",
        "@types/jsdom": "^21.1.7",
        "@types/nightwatch": "^2.3.32",
        "@typescript/native-preview": "7.0.0-dev.20251013.1",
        "@vitejs/plugin-vue": "^6.0.1",
        "@vue/compiler-sfc": "~3.5.22",
        "@vue/server-renderer": "~3.5.22",
        "@vue/test-utils": "^2.4.6",
        "browserstack-local": "^1.5.8",
        "chromedriver": "^138.0.5",
        "connect-history-api-fallback": "^1.6.0",
        "dotenv": "^17.2.3",
        "faked-promise": "^2.2.2",
        "geckodriver": "^6.0.2",
        "happy-dom": "^20.0.0",
        "nightwatch": "^3.12.2",
        "nightwatch-helpers": "^1.2.0",
        "rimraf": "^6.0.1",
        "rollup": "^4.52.4",
        "rollup-plugin-typescript2": "^0.36.0",
        "tsdown": "^0.17.2",
        "tsup": "^8.5.0",
        "vite": "^7.1.10",
        "vue": "~3.6.0-alpha.2"
      },
      "funding": {
        "url": "https://github.com/sponsors/posva"
      },
      "peerDependencies": {
        "vue": "^3.5.0"
      }
    },
    "../../node_modules/.pnpm/vue@3.5.32_typescript@5.9.3/node_modules/vue": {
      "version": "3.5.32",
      "license": "MIT",
      "dependencies": {
        "@vue/compiler-dom": "3.5.32",
        "@vue/compiler-sfc": "3.5.32",
        "@vue/runtime-dom": "3.5.32",
        "@vue/server-renderer": "3.5.32",
        "@vue/shared": "3.5.32"
      },
      "peerDependencies": {
        "typescript": "*"
      },
      "peerDependenciesMeta": {
        "typescript": {
          "optional": true
        }
      }
    },
    "node_modules/@nuxt/devtools": {
      "resolved": "../../node_modules/.pnpm/@nuxt+devtools@2.7.0_vite@7.3.1_@types+node@22.19.17_jiti@1.21.7_terser@5.46.1_tsx@4.21_8671020bcd0ed17a6d98f705f3905ce5/node_modules/@nuxt/devtools",
      "link": true
    },
    "node_modules/@nuxtjs/tailwindcss": {
      "resolved": "../../node_modules/.pnpm/@nuxtjs+tailwindcss@6.14.0_magicast@0.5.2_tsx@4.21.0_yaml@2.8.3/node_modules/@nuxtjs/tailwindcss",
      "link": true
    },
    "node_modules/@pinia/nuxt": {
      "resolved": "../../node_modules/.pnpm/@pinia+nuxt@0.9.0_magicast@0.5.2_pinia@2.3.1_typescript@5.9.3_vue@3.5.32_typescript@5.9.3__/node_modules/@pinia/nuxt",
      "link": true
    },
    "node_modules/@tailwindcss/container-queries": {
      "resolved": "../../node_modules/.pnpm/@tailwindcss+container-queries@0.1.1_tailwindcss@3.4.19_tsx@4.21.0_yaml@2.8.3_/node_modules/@tailwindcss/container-queries",
      "link": true
    },
    "node_modules/html-to-image": {
      "version": "1.11.13",
      "resolved": "https://registry.npmjs.org/html-to-image/-/html-to-image-1.11.13.tgz",
      "integrity": "sha512-cuOPoI7WApyhBElTTb9oqsawRvZ0rHhaHwghRLlTuffoD1B2aDemlCruLeZrUIIdvG7gs9xeELEPm6PhuASqrg==",
      "license": "MIT"
    },
    "node_modules/lucide-vue-next": {
      "resolved": "../../node_modules/.pnpm/lucide-vue-next@0.511.0_vue@3.5.32_typescript@5.9.3_/node_modules/lucide-vue-next",
      "link": true
    },
    "node_modules/marked": {
      "resolved": "../../node_modules/.pnpm/marked@18.0.0/node_modules/marked",
      "link": true
    },
    "node_modules/nuxt": {
      "resolved": "../../node_modules/.pnpm/nuxt@3.21.2_@electric-sql+pglite@0.4.1_@emnapi+core@1.9.2_@emnapi+runtime@1.9.2_@parcel_44ae9d5dd321dc66380874b747c1ae58/node_modules/nuxt",
      "link": true
    },
    "node_modules/pinia": {
      "resolved": "../../node_modules/.pnpm/pinia@2.3.1_typescript@5.9.3_vue@3.5.32_typescript@5.9.3_/node_modules/pinia",
      "link": true
    },
    "node_modules/simple-analytics-vue": {
      "version": "3.1.0",
      "resolved": "https://registry.npmjs.org/simple-analytics-vue/-/simple-analytics-vue-3.1.0.tgz",
      "integrity": "sha512-8Pwjbh3e0UDKwhLgDOokGOWe3Ot7bZsTbNHMaQylqFebTxoWe80gH+h1jcNbWPCBQ+/nEWHdqbRLpc/4vg2gow==",
      "dev": true,
      "dependencies": {
        "vue": "^3.0.0"
      },
      "peerDependencies": {
        "vue": "^3.0.0"
      }
    },
    "node_modules/tailwindcss": {
      "resolved": "../../node_modules/.pnpm/tailwindcss@3.4.19_tsx@4.21.0_yaml@2.8.3/node_modules/tailwindcss",
      "link": true
    },
    "node_modules/typescript": {
      "resolved": "../../node_modules/.pnpm/typescript@5.9.3/node_modules/typescript",
      "link": true
    },
    "node_modules/vue": {
      "resolved": "../../node_modules/.pnpm/vue@3.5.32_typescript@5.9.3/node_modules/vue",
      "link": true
    },
    "node_modules/vue-router": {
      "resolved": "../../node_modules/.pnpm/vue-router@4.6.4_vue@3.5.32_typescript@5.9.3_/node_modules/vue-router",
      "link": true
    }
  }
}
